
Microsoft Visual Studio Solution File, Format Version 12.00
# Visual Studio Version 17
VisualStudioVersion = 17.8.34322.80
MinimumVisualStudioVersion = 10.0.40219.1
Project("{9A19103F-16F7-4668-BE54-9A1E7A4F7556}") = "A_DAL", "A_DAL\A_DAL.csproj", "{D4EFC193-F8F6-4112-9541-B218332C57FC}"
EndProject
Project("{9A19103F-16F7-4668-BE54-9A1E7A4F7556}") = "B_BUS", "B_BUS\B_BUS.csproj", "{82E4D1AD-2041-4556-9E85-385CA5F40DCF}"
EndProject
Project("{9A19103F-16F7-4668-BE54-9A1E7A4F7556}") = "C_PRL", "C_PRL\C_PRL.csproj", "{74661439-3278-4C73-BA57-71251AAFD604}"
EndProject
Global
	GlobalSection(SolutionConfigurationPlatforms) = preSolution
		Debug|Any CPU = Debug|Any CPU
		Release|Any CPU = Release|Any CPU
	EndGlobalSection
	GlobalSection(ProjectConfigurationPlatforms) = postSolution
		{D4EFC193-F8F6-4112-9541-B218332C57FC}.Debug|Any CPU.ActiveCfg = Debug|Any CPU
		{D4EFC193-F8F6-4112-9541-B218332C57FC}.Debug|Any CPU.Build.0 = Debug|Any CPU
		{D4EFC193-F8F6-4112-9541-B218332C57FC}.Release|Any CPU.ActiveCfg = Release|Any CPU
		{D4EFC193-F8F6-4112-9541-B218332C57FC}.Release|Any CPU.Build.0 = Release|Any CPU
		{82E4D1AD-2041-4556-9E85-385CA5F40DCF}.Debug|Any CPU.ActiveCfg = Debug|Any CPU
		{82E4D1AD-2041-4556-9E85-385CA5F40DCF}.Debug|Any CPU.Build.0 = Debug|Any CPU
		{82E4D1AD-2041-4556-9E85-385CA5F40DCF}.Release|Any CPU.ActiveCfg = Release|Any CPU
		{82E4D1AD-2041-4556-9E85-385CA5F40DCF}.Release|Any CPU.Build.0 = Release|Any CPU
		{74661439-3278-4C73-BA57-71251AAFD604}.Debug|Any CPU.ActiveCfg = Debug|Any CPU
		{74661439-3278-4C73-BA57-71251AAFD604}.Debug|Any CPU.Build.0 = Debug|Any CPU
		{74661439-3278-4C73-BA57-71251AAFD604}.Release|Any CPU.ActiveCfg = Release|Any CPU
		{74661439-3278-4C73-BA57-71251AAFD604}.Release|Any CPU.Build.0 = Release|Any CPU
	EndGlobalSection
	GlobalSection(SolutionProperties) = preSolution
		HideSolutionNode = FALSE
	EndGlobalSection
	GlobalSection(ExtensibilityGlobals) = postSolution
		SolutionGuid = {84EADFA6-A4A2-4F91-908A-113782C1AE67}
	EndGlobalSection
EndGlobal
